
Microsoft Visual Studio Solution File, Format Version 12.00
# Visual Studio Version 17
VisualStudioVersion = 17.8.34330.188
MinimumVisualStudioVersion = 10.0.40219.1
Project("{FAE04EC0-301F-11D3-BF4B-00C04F79EFBC}") = "InvoiceAPIChallenge", "InvoiceAPIChallenge.csproj", "{F39D9DFD-DBEB-46C3-BBBD-EA0FA7DBE6D9}"
EndProject
Project("{FAE04EC0-301F-11D3-BF4B-00C04F79EFBC}") = "InvoiceAPIChallengeTest", "..\InvoiceAPIChallengeTest\InvoiceAPIChallengeTest.csproj", "{02C5B2FA-585E-45FA-9392-077C408AC4AA}"
EndProject
Global
	GlobalSection(SolutionConfigurationPlatforms) = preSolution
		Debug|Any CPU = Debug|Any CPU
		Release|Any CPU = Release|Any CPU
	EndGlobalSection
	GlobalSection(ProjectConfigurationPlatforms) = postSolution
		{F39D9DFD-DBEB-46C3-BBBD-EA0FA7DBE6D9}.Debug|Any CPU.ActiveCfg = Debug|Any CPU
		{F39D9DFD-DBEB-46C3-BBBD-EA0FA7DBE6D9}.Debug|Any CPU.Build.0 = Debug|Any CPU
		{F39D9DFD-DBEB-46C3-BBBD-EA0FA7DBE6D9}.Release|Any CPU.ActiveCfg = Release|Any CPU
		{F39D9DFD-DBEB-46C3-BBBD-EA0FA7DBE6D9}.Release|Any CPU.Build.0 = Release|Any CPU
		{02C5B2FA-585E-45FA-9392-077C408AC4AA}.Debug|Any CPU.ActiveCfg = Debug|Any CPU
		{02C5B2FA-585E-45FA-9392-077C408AC4AA}.Debug|Any CPU.Build.0 = Debug|Any CPU
		{02C5B2FA-585E-45FA-9392-077C408AC4AA}.Release|Any CPU.ActiveCfg = Release|Any CPU
		{02C5B2FA-585E-45FA-9392-077C408AC4AA}.Release|Any CPU.Build.0 = Release|Any CPU
	EndGlobalSection
	GlobalSection(SolutionProperties) = preSolution
		HideSolutionNode = FALSE
	EndGlobalSection
	GlobalSection(ExtensibilityGlobals) = postSolution
		SolutionGuid = {BD21014D-A4E0-487F-BE46-57716B71E7D0}
	EndGlobalSection
EndGlobal
